
Microsoft Visual Studio Solution File, Format Version 11.00
# Visual Studio 2010
Project("{FAE04EC0-301F-11D3-BF4B-00C04F79EFBC}") = "SpringCMWorkflow", "SpringCM\SpringCMWorkflow.csproj", "{15A29080-4AD5-4789-94E3-F2B1F6C07721}"
EndProject
Global
	GlobalSection(SolutionConfigurationPlatforms) = preSolution
		Debug|Any CPU = Debug|Any CPU
		Release|Any CPU = Release|Any CPU
	EndGlobalSection
	GlobalSection(ProjectConfigurationPlatforms) = postSolution
		{15A29080-4AD5-4789-94E3-F2B1F6C07721}.Debug|Any CPU.ActiveCfg = Debug|Any CPU
		{15A29080-4AD5-4789-94E3-F2B1F6C07721}.Debug|Any CPU.Build.0 = Debug|Any CPU
		{15A29080-4AD5-4789-94E3-F2B1F6C07721}.Release|Any CPU.ActiveCfg = Release|Any CPU
		{15A29080-4AD5-4789-94E3-F2B1F6C07721}.Release|Any CPU.Build.0 = Release|Any CPU
	EndGlobalSection
	GlobalSection(SolutionProperties) = preSolution
		HideSolutionNode = FALSE
	EndGlobalSection
EndGlobal
